
Microsoft Visual Studio Solution File, Format Version 12.00
# Visual Studio Version 18
VisualStudioVersion = 18.4.11513.90 insiders
MinimumVisualStudioVersion = 10.0.40219.1
Project("{9A19103F-16F7-4668-BE54-9A1E7A4F7556}") = "Moneybox.App", "Moneybox.App\Moneybox.App.csproj", "{C1E5082E-45D6-469C-BD08-B87348851443}"
EndProject
Project("{FAE04EC0-301F-11D3-BF4B-00C04F79EFBC}") = "MoneyBox.App.Tests", "MoneyBox.App.Tests\MoneyBox.App.Tests.csproj", "{05F196DE-8909-44F3-8ABC-53122024F3CC}"
EndProject
Project("{2150E333-8FDC-42A3-9474-1A3956D46DE8}") = "SolutionItems", "SolutionItems", "{F5A234E9-CC2B-43ED-9072-C35F632A13F4}"
	ProjectSection(SolutionItems) = preProject
		..\.gitignore = ..\.gitignore
		..\README.md = ..\README.md
	EndProjectSection
EndProject
Global
	GlobalSection(SolutionConfigurationPlatforms) = preSolution
		Debug|Any CPU = Debug|Any CPU
		Release|Any CPU = Release|Any CPU
	EndGlobalSection
	GlobalSection(ProjectConfigurationPlatforms) = postSolution
		{C1E5082E-45D6-469C-BD08-B87348851443}.Debug|Any CPU.ActiveCfg = Debug|Any CPU
		{C1E5082E-45D6-469C-BD08-B87348851443}.Debug|Any CPU.Build.0 = Debug|Any CPU
		{C1E5082E-45D6-469C-BD08-B87348851443}.Release|Any CPU.ActiveCfg = Release|Any CPU
		{C1E5082E-45D6-469C-BD08-B87348851443}.Release|Any CPU.Build.0 = Release|Any CPU
		{05F196DE-8909-44F3-8ABC-53122024F3CC}.Debug|Any CPU.ActiveCfg = Debug|Any CPU
		{05F196DE-8909-44F3-8ABC-53122024F3CC}.Debug|Any CPU.Build.0 = Debug|Any CPU
		{05F196DE-8909-44F3-8ABC-53122024F3CC}.Release|Any CPU.ActiveCfg = Release|Any CPU
		{05F196DE-8909-44F3-8ABC-53122024F3CC}.Release|Any CPU.Build.0 = Release|Any CPU
	EndGlobalSection
	GlobalSection(SolutionProperties) = preSolution
		HideSolutionNode = FALSE
	EndGlobalSection
	GlobalSection(ExtensibilityGlobals) = postSolution
		SolutionGuid = {4BBC44E4-088E-4757-B143-20E33390DC00}
	EndGlobalSection
EndGlobal
